{
  "name": "byzantine-reliable-broadcast",
  "version": "1.0.0",
  "lockfileVersion": 1,
  "requires": true,
  "dependencies": {
    "amp": {
      "version": "0.3.1",
      "resolved": "https://registry.npmjs.org/amp/-/amp-0.3.1.tgz",
      "integrity": "sha1-at+NWKdPNh6CwfqNOJwHnhOfxH0="
    },
    "amp-message": {
      "version": "0.1.2",
      "resolved": "https://registry.npmjs.org/amp-message/-/amp-message-0.1.2.tgz",
      "integrity": "sha1-p48cmJlQh602GSpBKY5NtJ49/EU=",
      "requires": {
        "amp": "0.3.1"
      }
    },
    "axon": {
      "version": "2.0.3",
      "resolved": "https://registry.npmjs.org/axon/-/axon-2.0.3.tgz",
      "integrity": "sha1-kLyaMeMKz9rv95Wtp6uiLFEHlpI=",
      "requires": {
        "amp": "~0.3.1",
        "amp-message": "~0.1.1",
        "configurable": "0.0.1",
        "debug": "*",
        "escape-regexp": "0.0.1"
      }
    },
    "configurable": {
      "version": "0.0.1",
      "resolved": "https://registry.npmjs.org/configurable/-/configurable-0.0.1.tgz",
      "integrity": "sha1-R9dbcntRtOuEwdra/j+CQDE4M7E="
    },
    "debug": {
      "version": "4.0.1",
      "resolved": "https://registry.npmjs.org/debug/-/debug-4.0.1.tgz",
      "integrity": "sha512-K23FHJ/Mt404FSlp6gSZCevIbTMLX0j3fmHhUEhQ3Wq0FMODW3+cUSoLdy1Gx4polAf4t/lphhmHH35BB8cLYw==",
      "requires": {
        "ms": "^2.1.1"
      }
    },
    "ed25519-supercop": {
      "version": "1.2.0",
      "resolved": "https://registry.npmjs.org/ed25519-supercop/-/ed25519-supercop-1.2.0.tgz",
      "integrity": "sha512-B8+a+amyUR42xVSsxyX2vz9X6C8ny3Ip96PwY2SGMoJafoeTQ0pZROchedDcZZoovaNhGMjP7VRw910/4AGfIg==",
      "requires": {
        "nan": "^2.0.5",
        "node-gyp-build": "^3.3.0"
      }
    },
    "escape-regexp": {
      "version": "0.0.1",
      "resolved": "https://registry.npmjs.org/escape-regexp/-/escape-regexp-0.0.1.tgz",
      "integrity": "sha1-9EvaEtRbvfnLf4Yu5+SCez3TIlQ="
    },
    "ms": {
      "version": "2.1.1",
      "resolved": "https://registry.npmjs.org/ms/-/ms-2.1.1.tgz",
      "integrity": "sha512-tgp+dl5cGk28utYktBsrFqA7HKgrhgPsg6Z/EfhWI4gl1Hwq8B/GmY/0oXZ6nF8hDVesS/FpnYaD/kOWhYQvyg=="
    },
    "nan": {
      "version": "2.11.0",
      "resolved": "https://registry.npmjs.org/nan/-/nan-2.11.0.tgz",
      "integrity": "sha512-F4miItu2rGnV2ySkXOQoA8FKz/SR2Q2sWP0sbTxNxz/tuokeC8WxOhPMcwi0qIyGtVn/rrSeLbvVkznqCdwYnw=="
    },
    "node-gyp-build": {
      "version": "3.4.0",
      "resolved": "https://registry.npmjs.org/node-gyp-build/-/node-gyp-build-3.4.0.tgz",
      "integrity": "sha512-YoviGBJYGrPdLOKDIQB0sKxuKy/EEsxzooNkOZak4vSTKT/qH0Pa6dj3t1MJjEQGsefih61IyHDmO1WW7xOFfw=="
    }
  }
}
